NeoBundleLock calendar.vim f8ba659ba6a094d000f355807efb71f7975d10f0
NeoBundleLock neobundle.vim 1306c131ff0a6cc094b7ff0727350e442b5427f1
NeoBundleLock nerdtree 371feb7e540afc1d25c3369d4157358d21f51681
NeoBundleLock vim-autoclose a9a3b7384657bc1f60a963fd6c08c63fc48d61c3
NeoBundleLock vim-endwise 9b04cdca8c1ae4ac5a0874b934af94d033102247
NeoBundleLock vim-go 2aa7c9d00af14ae71fdfe46f6a52b0a4f0fac774
NeoBundleLock vim-javascript b6c8c8419240bdd29b5eb51a47d488fd390deed5
NeoBundleLock vim-vue c424294e769b26659176065f9713c395731f7b3a
NeoBundleLock vimproc 0328ac6096ac57d647bed1ee59c8b616b3ba2858
NeoBundleLock vimshell ee683538f57aaf5094db9860f67f4957a763ffb4
NeoBundleLock winresizer e914728083536102c81281a2b2d0b81eec1e6bfb
